
Microsoft Visual Studio Solution File, Format Version 12.00
# Visual Studio 15
Project("{FAE04EC0-301F-11D3-BF4B-00C04F79EFBC}") = "Assembly-CSharp", "Assembly-CSharp.csproj", "{1958E7AF-2875-5F91-FF6E-999F409C2B2B}"
EndProject
Project("{FAE04EC0-301F-11D3-BF4B-00C04F79EFBC}") = "Assembly-CSharp-Editor", "Assembly-CSharp-Editor.csproj", "{A260D39D-CA39-A075-4A81-FE14AA25097D}"
EndProject
Global
	GlobalSection(SolutionConfigurationPlatforms) = preSolution
		Debug|Any CPU = Debug|Any CPU
		Release|Any CPU = Release|Any CPU
	EndGlobalSection
	GlobalSection(ProjectConfigurationPlatforms) = postSolution
		{1958E7AF-2875-5F91-FF6E-999F409C2B2B}.Debug|Any CPU.ActiveCfg = Debug|Any CPU
		{1958E7AF-2875-5F91-FF6E-999F409C2B2B}.Debug|Any CPU.Build.0 = Debug|Any CPU
		{1958E7AF-2875-5F91-FF6E-999F409C2B2B}.Release|Any CPU.ActiveCfg = Release|Any CPU
		{1958E7AF-2875-5F91-FF6E-999F409C2B2B}.Release|Any CPU.Build.0 = Release|Any CPU
		{A260D39D-CA39-A075-4A81-FE14AA25097D}.Debug|Any CPU.ActiveCfg = Debug|Any CPU
		{A260D39D-CA39-A075-4A81-FE14AA25097D}.Debug|Any CPU.Build.0 = Debug|Any CPU
		{A260D39D-CA39-A075-4A81-FE14AA25097D}.Release|Any CPU.ActiveCfg = Release|Any CPU
		{A260D39D-CA39-A075-4A81-FE14AA25097D}.Release|Any CPU.Build.0 = Release|Any CPU
	EndGlobalSection
	GlobalSection(SolutionProperties) = preSolution
		HideSolutionNode = FALSE
	EndGlobalSection
EndGlobal
